# This file is automatically @generated by Cargo.
# It is not intended for manual editing.
[[package]]
name = "anyhow"
version = "1.0.38"
source = "registry+https://github.com/rust-lang/crates.io-index"
checksum = "afddf7f520a80dbf76e6f50a35bca42a2331ef227a28b3b6dc5c2e2338d114b1"

[[package]]
name = "geefr-ppm"
version = "0.2.0"
source = "registry+https://github.com/rust-lang/crates.io-index"
checksum = "c288e69fb71de67c5957d2f21d2c883363a700677f85d4cf540942dbb8b3e29f"

[[package]]
name = "raytracer"
version = "0.1.0"
dependencies = [
 "anyhow",
 "geefr-ppm",
]
